
Microsoft Visual Studio Solution File, Format Version 12.00
# Visual Studio Version 17
VisualStudioVersion = 17.0.32126.317
MinimumVisualStudioVersion = 10.0.40219.1
Project("{FAE04EC0-301F-11D3-BF4B-00C04F79EFBC}") = "Original Proyecto Omega", "Original Proyecto Omega.csproj", "{33158BDB-8C41-4597-9E77-DE5811E0110B}"
EndProject
Global
	GlobalSection(SolutionConfigurationPlatforms) = preSolution
		Debug|Any CPU = Debug|Any CPU
		Release|Any CPU = Release|Any CPU
	EndGlobalSection
	GlobalSection(ProjectConfigurationPlatforms) = postSolution
		{33158BDB-8C41-4597-9E77-DE5811E0110B}.Debug|Any CPU.ActiveCfg = Debug|Any CPU
		{33158BDB-8C41-4597-9E77-DE5811E0110B}.Debug|Any CPU.Build.0 = Debug|Any CPU
		{33158BDB-8C41-4597-9E77-DE5811E0110B}.Release|Any CPU.ActiveCfg = Release|Any CPU
		{33158BDB-8C41-4597-9E77-DE5811E0110B}.Release|Any CPU.Build.0 = Release|Any CPU
	EndGlobalSection
	GlobalSection(SolutionProperties) = preSolution
		HideSolutionNode = FALSE
	EndGlobalSection
	GlobalSection(ExtensibilityGlobals) = postSolution
		SolutionGuid = {AA6196D9-8191-4484-A7F0-DDD17B969292}
	EndGlobalSection
EndGlobal
