
Microsoft Visual Studio Solution File, Format Version 12.00
# Visual Studio Version 17
VisualStudioVersion = 17.0.32126.317
MinimumVisualStudioVersion = 10.0.40219.1
Project("{FAE04EC0-301F-11D3-BF4B-00C04F79EFBC}") = "Proyecto Omega", "Proyecto Omega.csproj", "{1632EB03-47BE-4FD3-ABB9-E588CD3B4081}"
EndProject
Global
	GlobalSection(SolutionConfigurationPlatforms) = preSolution
		Debug|Any CPU = Debug|Any CPU
		Release|Any CPU = Release|Any CPU
	EndGlobalSection
	GlobalSection(ProjectConfigurationPlatforms) = postSolution
		{1632EB03-47BE-4FD3-ABB9-E588CD3B4081}.Debug|Any CPU.ActiveCfg = Debug|Any CPU
		{1632EB03-47BE-4FD3-ABB9-E588CD3B4081}.Debug|Any CPU.Build.0 = Debug|Any CPU
		{1632EB03-47BE-4FD3-ABB9-E588CD3B4081}.Release|Any CPU.ActiveCfg = Release|Any CPU
		{1632EB03-47BE-4FD3-ABB9-E588CD3B4081}.Release|Any CPU.Build.0 = Release|Any CPU
	EndGlobalSection
	GlobalSection(SolutionProperties) = preSolution
		HideSolutionNode = FALSE
	EndGlobalSection
	GlobalSection(ExtensibilityGlobals) = postSolution
		SolutionGuid = {D1A72848-2D32-4DC2-A9D6-FB057AEF6AC6}
	EndGlobalSection
EndGlobal
